
Microsoft Visual Studio Solution File, Format Version 12.00
# Visual Studio Version 17
VisualStudioVersion = 17.1.32210.238
MinimumVisualStudioVersion = 10.0.40219.1
Project("{FAE04EC0-301F-11D3-BF4B-00C04F79EFBC}") = "AbstratoInterface", "AbstratoInterface\AbstratoInterface.csproj", "{DEF4E7F8-6DA5-4AC2-A42B-4DB2920F82BA}"
EndProject
Global
	GlobalSection(SolutionConfigurationPlatforms) = preSolution
		Debug|Any CPU = Debug|Any CPU
		Release|Any CPU = Release|Any CPU
	EndGlobalSection
	GlobalSection(ProjectConfigurationPlatforms) = postSolution
		{DEF4E7F8-6DA5-4AC2-A42B-4DB2920F82BA}.Debug|Any CPU.ActiveCfg = Debug|Any CPU
		{DEF4E7F8-6DA5-4AC2-A42B-4DB2920F82BA}.Debug|Any CPU.Build.0 = Debug|Any CPU
		{DEF4E7F8-6DA5-4AC2-A42B-4DB2920F82BA}.Release|Any CPU.ActiveCfg = Release|Any CPU
		{DEF4E7F8-6DA5-4AC2-A42B-4DB2920F82BA}.Release|Any CPU.Build.0 = Release|Any CPU
	EndGlobalSection
	GlobalSection(SolutionProperties) = preSolution
		HideSolutionNode = FALSE
	EndGlobalSection
	GlobalSection(ExtensibilityGlobals) = postSolution
		SolutionGuid = {A72202E5-1C12-46A1-B451-3FA71D9ED9F3}
	EndGlobalSection
EndGlobal
